
Microsoft Visual Studio Solution File, Format Version 12.00
# Visual Studio Version 16
VisualStudioVersion = 16.0.29613.14
MinimumVisualStudioVersion = 10.0.40219.1
Project("{FAE04EC0-301F-11D3-BF4B-00C04F79EFBC}") = "Forenzika", "Forenzika\Forenzika.csproj", "{06EC6EAE-2C9C-4658-A7F6-1021EDBB7006}"
EndProject
Global
	GlobalSection(SolutionConfigurationPlatforms) = preSolution
		Debug|Any CPU = Debug|Any CPU
		Release|Any CPU = Release|Any CPU
	EndGlobalSection
	GlobalSection(ProjectConfigurationPlatforms) = postSolution
		{06EC6EAE-2C9C-4658-A7F6-1021EDBB7006}.Debug|Any CPU.ActiveCfg = Debug|Any CPU
		{06EC6EAE-2C9C-4658-A7F6-1021EDBB7006}.Debug|Any CPU.Build.0 = Debug|Any CPU
		{06EC6EAE-2C9C-4658-A7F6-1021EDBB7006}.Release|Any CPU.ActiveCfg = Release|Any CPU
		{06EC6EAE-2C9C-4658-A7F6-1021EDBB7006}.Release|Any CPU.Build.0 = Release|Any CPU
	EndGlobalSection
	GlobalSection(SolutionProperties) = preSolution
		HideSolutionNode = FALSE
	EndGlobalSection
	GlobalSection(ExtensibilityGlobals) = postSolution
		SolutionGuid = {D8D9D74E-A4D5-4C65-B642-EA96B9184B64}
	EndGlobalSection
EndGlobal
